Microsoft Visual Studio Solution File, Format Version 12.00
# Visual Studio Version 17
VisualStudioVersion = 17.5.2.0
MinimumVisualStudioVersion = 10.0.40219.1
Project("{2150E333-8FDC-42A3-9474-1A3956D46DE8}") = "samples", "samples", "{5D20AA90-6969-D8BD-9DCD-8634F4692FDA}"
EndProject
Project("{2150E333-8FDC-42A3-9474-1A3956D46DE8}") = "src", "src", "{827E0CD3-B72D-47B6-A68D-7590B98EB39B}"
EndProject
Project("{FAE04EC0-301F-11D3-BF4B-00C04F79EFBC}") = "CommunityToolkit.Maui.Sample", "samples\CommunityToolkit.Maui.Sample\CommunityToolkit.Maui.Sample.csproj", "{86BC9D15-6F41-5BA5-900E-E28BB314C16D}"
EndProject
Project("{FAE04EC0-301F-11D3-BF4B-00C04F79EFBC}") = "CommunityToolkit.Maui", "src\CommunityToolkit.Maui\CommunityToolkit.Maui.csproj", "{BF1C6C0E-7AAC-D09B-50ED-AE1FAD05B183}"
EndProject
Project("{FAE04EC0-301F-11D3-BF4B-00C04F79EFBC}") = "CommunityToolkit.Maui.Camera.Analyzers.CodeFixes", "src\CommunityToolkit.Maui.Camera.Analyzers.CodeFixes\CommunityToolkit.Maui.Camera.Analyzers.CodeFixes.csproj", "{6F63CAF2-C189-B35B-23F9-02123FABC7D4}"
EndProject
Project("{FAE04EC0-301F-11D3-BF4B-00C04F79EFBC}") = "CommunityToolkit.Maui.MediaElement.Analyzers.CodeFixes", "src\CommunityToolkit.Maui.MediaElement.Analyzers.CodeFixes\CommunityToolkit.Maui.MediaElement.Analyzers.CodeFixes.csproj", "{6E212A53-B686-5D9D-3DE1-84EAA90001AD}"
EndProject
Project("{FAE04EC0-301F-11D3-BF4B-00C04F79EFBC}") = "CommunityToolkit.Maui.Analyzers.CodeFixes", "src\CommunityToolkit.Maui.Analyzers.CodeFixes\CommunityToolkit.Maui.Analyzers.CodeFixes.csproj", "{229B0EE7-21E3-902C-E980-3D8ADB53C5AD}"
EndProject
Project("{FAE04EC0-301F-11D3-BF4B-00C04F79EFBC}") = "CommunityToolkit.Maui.Camera", "src\CommunityToolkit.Maui.Camera\CommunityToolkit.Maui.Camera.csproj", "{7F222425-A07A-4439-CD74-1D1C422605A3}"
EndProject
Project("{FAE04EC0-301F-11D3-BF4B-00C04F79EFBC}") = "CommunityToolkit.Maui.MediaElement.SourceGenerators", "src\CommunityToolkit.Maui.MediaElement.SourceGenerators\CommunityToolkit.Maui.MediaElement.SourceGenerators.csproj", "{5AFFCF82-B93B-DB9E-D609-DF9830A4A731}"
EndProject
Project("{FAE04EC0-301F-11D3-BF4B-00C04F79EFBC}") = "CommunityToolkit.Maui.MediaElement.Analyzers", "src\CommunityToolkit.Maui.MediaElement.Analyzers\CommunityToolkit.Maui.MediaElement.Analyzers.csproj", "{CF34BE56-3ECD-B820-C342-6518EEC0DBCF}"
EndProject
Project("{FAE04EC0-301F-11D3-BF4B-00C04F79EFBC}") = "CommunityToolkit.Maui.MediaElement", "src\CommunityToolkit.Maui.MediaElement\CommunityToolkit.Maui.MediaElement.csproj", "{0668F404-4A88-A63E-22EC-2DFB34A22261}"
EndProject
Project("{FAE04EC0-301F-11D3-BF4B-00C04F79EFBC}") = "CommunityToolkit.Maui.MediaElement.SourceGenerators.UnitTests", "src\CommunityToolkit.Maui.MediaElement.SourceGenerators.UnitTests\CommunityToolkit.Maui.MediaElement.SourceGenerators.UnitTests.csproj", "{4D52BADA-1453-3416-FFD3-0657421F56D3}"
EndProject
Project("{FAE04EC0-301F-11D3-BF4B-00C04F79EFBC}") = "CommunityToolkit.Maui.SourceGenerators", "src\CommunityToolkit.Maui.SourceGenerators\CommunityToolkit.Maui.SourceGenerators.csproj", "{E8DD0E0A-B0F5-A72C-100F-786C01920CD2}"
EndProject
Project("{FAE04EC0-301F-11D3-BF4B-00C04F79EFBC}") = "CommunityToolkit.Maui.SourceGenerators.UnitTests", "src\CommunityToolkit.Maui.SourceGenerators.UnitTests\CommunityToolkit.Maui.SourceGenerators.UnitTests.csproj", "{A04A9E36-6E9A-778E-382B-8C5AF50C0988}"
EndProject
Project("{FAE04EC0-301F-11D3-BF4B-00C04F79EFBC}") = "CommunityToolkit.Maui.SourceGenerators.Benchmarks", "src\CommunityToolkit.Maui.SourceGenerators.Benchmarks\CommunityToolkit.Maui.SourceGenerators.Benchmarks.csproj", "{B5C2A7E4-8C90-E084-D852-633F889075C8}"
EndProject
Project("{FAE04EC0-301F-11D3-BF4B-00C04F79EFBC}") = "CommunityToolkit.Maui.Camera.Analyzers", "src\CommunityToolkit.Maui.Camera.Analyzers\CommunityToolkit.Maui.Camera.Analyzers.csproj", "{0CB88D61-9883-8BA6-97AC-5A56D9E369BA}"
EndProject
Project("{FAE04EC0-301F-11D3-BF4B-00C04F79EFBC}") = "CommunityToolkit.Maui.Analyzers.UnitTests", "src\CommunityToolkit.Maui.Analyzers.UnitTests\CommunityToolkit.Maui.Analyzers.UnitTests.csproj", "{1CBE264E-D3C1-EC37-710E-8447B1C74A19}"
EndProject
Project("{FAE04EC0-301F-11D3-BF4B-00C04F79EFBC}") = "CommunityToolkit.Maui.Analyzers", "src\CommunityToolkit.Maui.Analyzers\CommunityToolkit.Maui.Analyzers.csproj", "{B6565B71-DABA-574B-A357-750EC3693C40}"
EndProject
Project("{FAE04EC0-301F-11D3-BF4B-00C04F79EFBC}") = "CommunityToolkit.Maui.Maps", "src\CommunityToolkit.Maui.Maps\CommunityToolkit.Maui.Maps.csproj", "{27EE50D3-8801-123A-2442-E7D82F3E91A8}"
EndProject
Project("{FAE04EC0-301F-11D3-BF4B-00C04F79EFBC}") = "CommunityToolkit.Maui.UnitTests", "src\CommunityToolkit.Maui.UnitTests\CommunityToolkit.Maui.UnitTests.csproj", "{95603A1A-4F91-726D-A25F-87C6E0EF1326}"
EndProject
Project("{FAE04EC0-301F-11D3-BF4B-00C04F79EFBC}") = "CommunityToolkit.Maui.Analyzers.Benchmarks", "src\CommunityToolkit.Maui.Analyzers.Benchmarks\CommunityToolkit.Maui.Analyzers.Benchmarks.csproj", "{A0770C39-820D-D55C-1F50-59730AA23C36}"
EndProject
Project("{FAE04EC0-301F-11D3-BF4B-00C04F79EFBC}") = "CommunityToolkit.Maui.Core", "src\CommunityToolkit.Maui.Core\CommunityToolkit.Maui.Core.csproj", "{3D311289-ACBF-4401-5E0B-4BB404D93206}"
EndProject
Global
	GlobalSection(SolutionConfigurationPlatforms) = preSolution
		Debug|Any CPU = Debug|Any CPU
		Release|Any CPU = Release|Any CPU
	EndGlobalSection
	GlobalSection(ProjectConfigurationPlatforms) = postSolution
		{86BC9D15-6F41-5BA5-900E-E28BB314C16D}.Debug|Any CPU.ActiveCfg = Debug|Any CPU
		{86BC9D15-6F41-5BA5-900E-E28BB314C16D}.Debug|Any CPU.Build.0 = Debug|Any CPU
		{86BC9D15-6F41-5BA5-900E-E28BB314C16D}.Release|Any CPU.ActiveCfg = Release|Any CPU
		{86BC9D15-6F41-5BA5-900E-E28BB314C16D}.Release|Any CPU.Build.0 = Release|Any CPU
		{BF1C6C0E-7AAC-D09B-50ED-AE1FAD05B183}.Debug|Any CPU.ActiveCfg = Debug|Any CPU
		{BF1C6C0E-7AAC-D09B-50ED-AE1FAD05B183}.Debug|Any CPU.Build.0 = Debug|Any CPU
		{BF1C6C0E-7AAC-D09B-50ED-AE1FAD05B183}.Release|Any CPU.ActiveCfg = Release|Any CPU
		{BF1C6C0E-7AAC-D09B-50ED-AE1FAD05B183}.Release|Any CPU.Build.0 = Release|Any CPU
		{6F63CAF2-C189-B35B-23F9-02123FABC7D4}.Debug|Any CPU.ActiveCfg = Debug|Any CPU
		{6F63CAF2-C189-B35B-23F9-02123FABC7D4}.Debug|Any CPU.Build.0 = Debug|Any CPU
		{6F63CAF2-C189-B35B-23F9-02123FABC7D4}.Release|Any CPU.ActiveCfg = Release|Any CPU
		{6F63CAF2-C189-B35B-23F9-02123FABC7D4}.Release|Any CPU.Build.0 = Release|Any CPU
		{6E212A53-B686-5D9D-3DE1-84EAA90001AD}.Debug|Any CPU.ActiveCfg = Debug|Any CPU
		{6E212A53-B686-5D9D-3DE1-84EAA90001AD}.Debug|Any CPU.Build.0 = Debug|Any CPU
		{6E212A53-B686-5D9D-3DE1-84EAA90001AD}.Release|Any CPU.ActiveCfg = Release|Any CPU
		{6E212A53-B686-5D9D-3DE1-84EAA90001AD}.Release|Any CPU.Build.0 = Release|Any CPU
		{229B0EE7-21E3-902C-E980-3D8ADB53C5AD}.Debug|Any CPU.ActiveCfg = Debug|Any CPU
		{229B0EE7-21E3-902C-E980-3D8ADB53C5AD}.Debug|Any CPU.Build.0 = Debug|Any CPU
		{229B0EE7-21E3-902C-E980-3D8ADB53C5AD}.Release|Any CPU.ActiveCfg = Release|Any CPU
		{229B0EE7-21E3-902C-E980-3D8ADB53C5AD}.Release|Any CPU.Build.0 = Release|Any CPU
		{7F222425-A07A-4439-CD74-1D1C422605A3}.Debug|Any CPU.ActiveCfg = Debug|Any CPU
		{7F222425-A07A-4439-CD74-1D1C422605A3}.Debug|Any CPU.Build.0 = Debug|Any CPU
		{7F222425-A07A-4439-CD74-1D1C422605A3}.Release|Any CPU.ActiveCfg = Release|Any CPU
		{7F222425-A07A-4439-CD74-1D1C422605A3}.Release|Any CPU.Build.0 = Release|Any CPU
		{5AFFCF82-B93B-DB9E-D609-DF9830A4A731}.Debug|Any CPU.ActiveCfg = Debug|Any CPU
		{5AFFCF82-B93B-DB9E-D609-DF9830A4A731}.Debug|Any CPU.Build.0 = Debug|Any CPU
		{5AFFCF82-B93B-DB9E-D609-DF9830A4A731}.Release|Any CPU.ActiveCfg = Release|Any CPU
		{5AFFCF82-B93B-DB9E-D609-DF9830A4A731}.Release|Any CPU.Build.0 = Release|Any CPU
		{CF34BE56-3ECD-B820-C342-6518EEC0DBCF}.Debug|Any CPU.ActiveCfg = Debug|Any CPU
		{CF34BE56-3ECD-B820-C342-6518EEC0DBCF}.Debug|Any CPU.Build.0 = Debug|Any CPU
		{CF34BE56-3ECD-B820-C342-6518EEC0DBCF}.Release|Any CPU.ActiveCfg = Release|Any CPU
		{CF34BE56-3ECD-B820-C342-6518EEC0DBCF}.Release|Any CPU.Build.0 = Release|Any CPU
		{0668F404-4A88-A63E-22EC-2DFB34A22261}.Debug|Any CPU.ActiveCfg = Debug|Any CPU
		{0668F404-4A88-A63E-22EC-2DFB34A22261}.Debug|Any CPU.Build.0 = Debug|Any CPU
		{0668F404-4A88-A63E-22EC-2DFB34A22261}.Release|Any CPU.ActiveCfg = Release|Any CPU
		{0668F404-4A88-A63E-22EC-2DFB34A22261}.Release|Any CPU.Build.0 = Release|Any CPU
		{4D52BADA-1453-3416-FFD3-0657421F56D3}.Debug|Any CPU.ActiveCfg = Debug|Any CPU
		{4D52BADA-1453-3416-FFD3-0657421F56D3}.Debug|Any CPU.Build.0 = Debug|Any CPU
		{4D52BADA-1453-3416-FFD3-0657421F56D3}.Release|Any CPU.ActiveCfg = Release|Any CPU
		{4D52BADA-1453-3416-FFD3-0657421F56D3}.Release|Any CPU.Build.0 = Release|Any CPU
		{E8DD0E0A-B0F5-A72C-100F-786C01920CD2}.Debug|Any CPU.ActiveCfg = Debug|Any CPU
		{E8DD0E0A-B0F5-A72C-100F-786C01920CD2}.Debug|Any CPU.Build.0 = Debug|Any CPU
		{E8DD0E0A-B0F5-A72C-100F-786C01920CD2}.Release|Any CPU.ActiveCfg = Release|Any CPU
		{E8DD0E0A-B0F5-A72C-100F-786C01920CD2}.Release|Any CPU.Build.0 = Release|Any CPU
		{A04A9E36-6E9A-778E-382B-8C5AF50C0988}.Debug|Any CPU.ActiveCfg = Debug|Any CPU
		{A04A9E36-6E9A-778E-382B-8C5AF50C0988}.Debug|Any CPU.Build.0 = Debug|Any CPU
		{A04A9E36-6E9A-778E-382B-8C5AF50C0988}.Release|Any CPU.ActiveCfg = Release|Any CPU
		{A04A9E36-6E9A-778E-382B-8C5AF50C0988}.Release|Any CPU.Build.0 = Release|Any CPU
		{B5C2A7E4-8C90-E084-D852-633F889075C8}.Debug|Any CPU.ActiveCfg = Debug|Any CPU
		{B5C2A7E4-8C90-E084-D852-633F889075C8}.Debug|Any CPU.Build.0 = Debug|Any CPU
		{B5C2A7E4-8C90-E084-D852-633F889075C8}.Release|Any CPU.ActiveCfg = Release|Any CPU
		{B5C2A7E4-8C90-E084-D852-633F889075C8}.Release|Any CPU.Build.0 = Release|Any CPU
		{0CB88D61-9883-8BA6-97AC-5A56D9E369BA}.Debug|Any CPU.ActiveCfg = Debug|Any CPU
		{0CB88D61-9883-8BA6-97AC-5A56D9E369BA}.Debug|Any CPU.Build.0 = Debug|Any CPU
		{0CB88D61-9883-8BA6-97AC-5A56D9E369BA}.Release|Any CPU.ActiveCfg = Release|Any CPU
		{0CB88D61-9883-8BA6-97AC-5A56D9E369BA}.Release|Any CPU.Build.0 = Release|Any CPU
		{1CBE264E-D3C1-EC37-710E-8447B1C74A19}.Debug|Any CPU.ActiveCfg = Debug|Any CPU
		{1CBE264E-D3C1-EC37-710E-8447B1C74A19}.Debug|Any CPU.Build.0 = Debug|Any CPU
		{1CBE264E-D3C1-EC37-710E-8447B1C74A19}.Release|Any CPU.ActiveCfg = Release|Any CPU
		{1CBE264E-D3C1-EC37-710E-8447B1C74A19}.Release|Any CPU.Build.0 = Release|Any CPU
		{B6565B71-DABA-574B-A357-750EC3693C40}.Debug|Any CPU.ActiveCfg = Debug|Any CPU
		{B6565B71-DABA-574B-A357-750EC3693C40}.Debug|Any CPU.Build.0 = Debug|Any CPU
		{B6565B71-DABA-574B-A357-750EC3693C40}.Release|Any CPU.ActiveCfg = Release|Any CPU
		{B6565B71-DABA-574B-A357-750EC3693C40}.Release|Any CPU.Build.0 = Release|Any CPU
		{27EE50D3-8801-123A-2442-E7D82F3E91A8}.Debug|Any CPU.ActiveCfg = Debug|Any CPU
		{27EE50D3-8801-123A-2442-E7D82F3E91A8}.Debug|Any CPU.Build.0 = Debug|Any CPU
		{27EE50D3-8801-123A-2442-E7D82F3E91A8}.Release|Any CPU.ActiveCfg = Release|Any CPU
		{27EE50D3-8801-123A-2442-E7D82F3E91A8}.Release|Any CPU.Build.0 = Release|Any CPU
		{95603A1A-4F91-726D-A25F-87C6E0EF1326}.Debug|Any CPU.ActiveCfg = Debug|Any CPU
		{95603A1A-4F91-726D-A25F-87C6E0EF1326}.Debug|Any CPU.Build.0 = Debug|Any CPU
		{95603A1A-4F91-726D-A25F-87C6E0EF1326}.Release|Any CPU.ActiveCfg = Release|Any CPU
		{95603A1A-4F91-726D-A25F-87C6E0EF1326}.Release|Any CPU.Build.0 = Release|Any CPU
		{A0770C39-820D-D55C-1F50-59730AA23C36}.Debug|Any CPU.ActiveCfg = Debug|Any CPU
		{A0770C39-820D-D55C-1F50-59730AA23C36}.Debug|Any CPU.Build.0 = Debug|Any CPU
		{A0770C39-820D-D55C-1F50-59730AA23C36}.Release|Any CPU.ActiveCfg = Release|Any CPU
		{A0770C39-820D-D55C-1F50-59730AA23C36}.Release|Any CPU.Build.0 = Release|Any CPU
		{3D311289-ACBF-4401-5E0B-4BB404D93206}.Debug|Any CPU.ActiveCfg = Debug|Any CPU
		{3D311289-ACBF-4401-5E0B-4BB404D93206}.Debug|Any CPU.Build.0 = Debug|Any CPU
		{3D311289-ACBF-4401-5E0B-4BB404D93206}.Release|Any CPU.ActiveCfg = Release|Any CPU
		{3D311289-ACBF-4401-5E0B-4BB404D93206}.Release|Any CPU.Build.0 = Release|Any CPU
	EndGlobalSection
	GlobalSection(SolutionProperties) = preSolution
		HideSolutionNode = FALSE
	EndGlobalSection
	GlobalSection(NestedProjects) = preSolution
		{86BC9D15-6F41-5BA5-900E-E28BB314C16D} = {5D20AA90-6969-D8BD-9DCD-8634F4692FDA}
		{BF1C6C0E-7AAC-D09B-50ED-AE1FAD05B183} = {827E0CD3-B72D-47B6-A68D-7590B98EB39B}
		{6F63CAF2-C189-B35B-23F9-02123FABC7D4} = {827E0CD3-B72D-47B6-A68D-7590B98EB39B}
		{6E212A53-B686-5D9D-3DE1-84EAA90001AD} = {827E0CD3-B72D-47B6-A68D-7590B98EB39B}
		{229B0EE7-21E3-902C-E980-3D8ADB53C5AD} = {827E0CD3-B72D-47B6-A68D-7590B98EB39B}
		{7F222425-A07A-4439-CD74-1D1C422605A3} = {827E0CD3-B72D-47B6-A68D-7590B98EB39B}
		{5AFFCF82-B93B-DB9E-D609-DF9830A4A731} = {827E0CD3-B72D-47B6-A68D-7590B98EB39B}
		{CF34BE56-3ECD-B820-C342-6518EEC0DBCF} = {827E0CD3-B72D-47B6-A68D-7590B98EB39B}
		{0668F404-4A88-A63E-22EC-2DFB34A22261} = {827E0CD3-B72D-47B6-A68D-7590B98EB39B}
		{4D52BADA-1453-3416-FFD3-0657421F56D3} = {827E0CD3-B72D-47B6-A68D-7590B98EB39B}
		{E8DD0E0A-B0F5-A72C-100F-786C01920CD2} = {827E0CD3-B72D-47B6-A68D-7590B98EB39B}
		{A04A9E36-6E9A-778E-382B-8C5AF50C0988} = {827E0CD3-B72D-47B6-A68D-7590B98EB39B}
		{B5C2A7E4-8C90-E084-D852-633F889075C8} = {827E0CD3-B72D-47B6-A68D-7590B98EB39B}
		{0CB88D61-9883-8BA6-97AC-5A56D9E369BA} = {827E0CD3-B72D-47B6-A68D-7590B98EB39B}
		{1CBE264E-D3C1-EC37-710E-8447B1C74A19} = {827E0CD3-B72D-47B6-A68D-7590B98EB39B}
		{B6565B71-DABA-574B-A357-750EC3693C40} = {827E0CD3-B72D-47B6-A68D-7590B98EB39B}
		{27EE50D3-8801-123A-2442-E7D82F3E91A8} = {827E0CD3-B72D-47B6-A68D-7590B98EB39B}
		{95603A1A-4F91-726D-A25F-87C6E0EF1326} = {827E0CD3-B72D-47B6-A68D-7590B98EB39B}
		{A0770C39-820D-D55C-1F50-59730AA23C36} = {827E0CD3-B72D-47B6-A68D-7590B98EB39B}
		{3D311289-ACBF-4401-5E0B-4BB404D93206} = {827E0CD3-B72D-47B6-A68D-7590B98EB39B}
	EndGlobalSection
	GlobalSection(ExtensibilityGlobals) = postSolution
		SolutionGuid = {AB8B1525-FA99-4396-B90F-EC9DF102E807}
	EndGlobalSection
EndGlobal
